value:
  slot: 6981174820758748693
  parent_root: Av4z5i9b5pZHdmj/x+4FDjNN1OH/1j9lrw9Y1wFxWqA=
  state_root: wDiWF2TBTrNnqAJjf5TNTWgC0d4LOnCfckwgnd2++P4=
  body:
    randao_reveal: k1JLbA/qVShDysEFvn3tKmXl1EwrNONzYlRl4UD7msUtyC6YLcWi7PnLuNkM6W+koz2HlEvrSu0SaZ37K9rmAA05JSTpMtFbLjE7g+xW9dxSsJUYsMYJ10D4p+qzJOvQ
    eth1_data: {deposit_root: QL9elyLNptb40boLC5utruJ2iyaUTKhyfXAUyw2R2HU=,
      deposit_count: 1739304199635837596, block_hash: 2NPQk4XyJfr+1RYlabxv5rnrixR/PxV5GaDiqDGjWD4=}
    graffiti: bWrNAHGuSN6qIXwajjfb7QxMfYtDCqHu7u7Wd5yKlc8=
    proposer_slashings:
    - proposer_index: 10491711507982893100
      header_1: {slot: 11745773551599411766, parent_root: 7qlgGYq1fA62GDFsvSZ9tc5NucO6f29QHTYN4/xZDGU=,
        state_root: /GSlEiZDobpc1jb55yIGYrAmc3pth6RHTkwrzLs8qFg=,
        body_root: Bc7GYiBm4GfieBuCYI+q3iUs2mFTaH/I94hOuttmJ9I=,
        signature: MMW+ro+MbLQ9duxuUXpEACDsazbjLXFLjq/OaGjgq/Grc3UBbvtejnJtuWqnv0iodOnFOSWkB1D/WSMeRRsAn/Kpl6dSAcQHXp6aNmhQCDy1CPBoUpvErpwMT+FVvfZR}
      header_2: {slot: 1771141903768822944, parent_root: XdHtfhB7HdSzRNXs1bhZ9fX0I89XOIaBDmKdEG0l1s0=,
        state_root: 1JFLVXEK72L8ayhnEgI/jDKyZZT4UA6bUtfY8TdifrQ=,
        body_root: xzvskpgMxHHaZuAqpqGBfa6yEVkz4Xk6w7f9+AJoCEc=,
        signature: y37k0ved9Fim2HHF3zwLST8CPYZSsZ8Y9nHyY/ZpwsM6YSqWj2ZD7XQsmATqA8StT3rXyvK1Nx/w39GOVPwQGRLcJCVpui3aNvo97MgWJghRpGrBwQeXLha01ww2PRyx}
    attester_slashings:
    - attestation_1:
        custody_bit_0_indices: [4522934148937007460]
        custody_bit_1_indices: [3284793873573324765]
        data:
          beacon_block_root: ubYrgaN0xmoGf4jz8fuKcpli3r1AcOUVxZJcFvIwgGw=
          source: {epoch: 3076719062453694009, root: ukk7IJKVvLI2AvmahtZT6RIt3sCwVThEFLJvM31h20U=}
          target: {epoch: 3688887332436095263, root: TLA9y7vWR0jASgoikWWVfzTOOSiYxVR6tTUyxmlcLIc=}
          crosslink: {shard: 15361810764659897227, parent_root: VZUWemD81Z5SOSUSSXZWrYCV1SymBvMQCHsMZ5AaZnI=,
            start_epoch: 2600108251232260882, end_epoch: 5057779758418103775,
            data_root: VszBmj/seosLXJ+1qqQUXpQsCwUeKVzmfBG3mQ9xsys=}
        signature: yaelwvArUvBXkV83JEwAnEMgDkbCHFrIycEPTDCfoAE2vz1RjWamDrJwITs1Dbvl9wYHPkak8TXh6IkTjXJDE4EMS4xGwqX4vb+sOlxIUHtficPQWgRRK58x5ouyHamh
      attestation_2:
        custody_bit_0_indices: [7698010879847963740]
        custody_bit_1_indices: [16269162465403092080]
        data:
          beacon_block_root: uHYcBwO/N/S+5XVBP7n9mb3ifrX8Gs2wVefQKHsGhLc=
          source: {epoch: 16512270676997886659, root: ckGhEIWewtQqN4gqnymZrjhNtvdWfg3Mf64QnTePDHM=}
          target: {epoch: 4360385981513172958, root: m8hgzPi+ZzFWjhTnwFptvGKwb7qrHIrRjrXyq4rUjeg=}
          crosslink: {shard: 16880642434757401023, parent_root: lzWJW5/rQ83eSN4iGuCo1jnuUjODA64c34Z0AvQShdQ=,
            start_epoch: 6086886729897112077, end_epoch: 5153955649621857687,
            data_root: tjFtYs6riR7iVe7Gu/h+zcL85P0ptaIOEB2fvx2woDw=}
        signature: 2AfhuPWUafJc15NZI0FTQ0AJwSyYW+wa2q8q/Cn2eKx9Yz3OfOSM7L15SiqCJfai5L+nh+mguX+xLXjJysw3Op+HxX9GSg4KUI7W2HsRIpq1R5Y7oMfFs9gltaKYGBaZ
    attestations:
    - aggregation_bits: Aw==
      data:
        beacon_block_root: R71e89XX55/oj1vO3tgwFb1HWmKEJ8dgKDS6OOZjyBk=
        source: {epoch: 13721795736203734179, root: hwWw190XaWMLkecDmAvuFWAlyAo7KjDlX0dtQ4XaBuw=}
        target: {epoch: 1105260563491864537, root: YaKMeUZnIXBFuGuzCSsuSvMZOPRJdjqla50LYdPLoso=}
        crosslink: {shard: 669857773712077917, parent_root: uOgcZGyvQ8hc/uZmo308CN9bwrz9oF/yMMckyz7DDxw=,
          start_epoch: 3947066976140479750, end_epoch: 7325654853870846113, data_root: qxxeVfbP+zYtaD/hoGtKIFtFSm5AtRMrY6oxil1zvLo=}
      custody_bits: Ag==
      signature: KXhNRfDxSk0IK8Kjl17k8HsGkEuikqGl2za8dYu4uhTeHoQ76MQIH6JVX7qnD0sNKgBl79fx3zn9ADOVU1tZs/zHVzr3B8jl7DsClD3NKRlkdyp0sAFs7DsCGOUOSNwY
    deposits:
    - proof: [FDvjDrkixWuL0VFs8FCYGSzZy+4uuA6w5O5j8gqBkc0=,
        UTizDbQitYvR12/qtWW/ruNrCi/Sv8OzLjjV7E6SQOA=,
        JuRv6k458N5q/QONDCFukBOqs9tsttKx76BDmdKxsYs=,
        JFhVpMo/s3VWwTYFQSmuu8Luqto/DRPkOcsm4qo4ew8=,
        ufClWiOqkoc3t9G2QPEpbPcfgpLAOTe7IQ8MHNNcF9I=,
        FeF4j1BcXafXf9mM+M6pvB8Id3avQSM9SF0LBGJKTnk=,
        keEn1Pq3uOg1/LSrxxK13hGG1FggjOKyNMFKSELVpKk=,
        Jhwer7UyYCGZkAFEoI2WfHPzZ72QvgdXQUAGuZA80Wc=,
        sefl1/Z9xuRxyO5FZ3KWcSIT3nGaWvhskwyPGYJ+mlI=,
        ad++2Wadd2WDrveLbEjS+oYa0Iaok7GK62RzbNzjGOs=,
        +NWaLGFUin4uSvJrvJDJDHjDy0XnRJAuAaJ2pNe63+4=,
        469Ri9g+hfT1ux91I2pt+hXUFP4Nb4Zdvm5RlB6d8Qo=,
        fjYw4MW9x/PUQC5p9tmhE4UdR/Hu4ss+ZxfV2eSNSUI=,
        8Bc2bXisB5hF4pZNV6pJamIGqZAtisUlqY35ITWCtp4=,
        fPExmozgH8e2mGClaaohGGaVK3Yjva2uhMQ7Lul2u8Y=,
        9TJJYuCk3AbO7C9A14gVNmHz+RvLjpFR4LJQzxeGDog=,
        8u/z4u0SXtxoOLbLXzxQtOSZhUPPbtdvRbdClp8bVMs=,
        70YhpOK5hMAcQGX1wFW4Tcc31rSlDBA4QkC7TpBtc9o=,
        iufC+0mqs5MsrTKEoL9Q+ITGyXj99cc01X0CFGQSf6M=,
        Lr96IgDw4qU3az245XCqk10UaZAW8TAtS15NXy9uRlE=,
        0sSdFgWkQEBGROXlmP9ZeAJZAt/jCEqYpwdYAAqbXvU=,
        1ka9UHfOhhnxapboX6MIXtaM1CbG8GLKtF9LW/CCuK8=,
        +GPGiIYDp5O/aYOfDy+JGVKV8ovCvPA/mRkWLm59Nwo=,
        nyx4sR1lxbc9BUqe8KoW596yPjD7vWw0St4BEBDNWbM=,
        u1DJ3qtbZnj7YbRYM+3EytYlyD7KEr9Nb56F3CJwXzw=,
        nFL6p3M89ulUKFdfbMSgfpV/GloBA/jtppZKpwhH4s0=,
        8pBSZWSsAJ7RH/UaHOoPVXpZOTEGuRG5RF0JqqnRm4E=,
        +CFRL44WTVQLDrt1OIvikuv4DtnusvbrvrVXgc2r/WQ=,
        dpe2pNfJOBCH73mtSBt7BZGK3DtG9Sl1y7bymZ6/1Ts=,
        XUydqLUWjUCz66JY5M5Z7Iu4rcTORh4bjIdgDiPWZqo=,
        e1Yx9IucBShlOE3xGMAgqHBkuoBG83idmsBTk20U7EA=,
        S+QiHLXu8R++MMHUMn/BQa3mOPnad/mY+JXjn+9m2Po=,
        8gRKFx5uHtfXO2vktd9yqNTHxgBTjgeYwyBJRqBo+Lw=]
      data: {pubkey: 1NHh6h58YlXlpRYHl5sbv5CLAtzOD+yHXwRLY1rCZQ4h3HztUhbQ7mpXw0IyJerE,
        withdrawal_credentials: tAXfe1vN6nXCTtmPssAvdiU/0s7X8CHdnMJHMK6338s=,
        amount: 5303574477318665474, signature: ySTEsEh274H4gYpZgiu8XaakDrRyu/U5j88UX0VokqopLpzY0Zigz4DsEo12sgG/pb7iGgoyxNTxLsPJk+55nL8SHGmyW0wyiHeDN2F/SVTj0x7w1G345hhsCceweoRq}
    voluntary_exits:
    - {epoch: 18061400715763591556, validator_index: 456063649398159015, signature: XxS+aV7QDRqFfwng+CFUP8USLclR0oNv+vpdI8sNBvCvAY6rEqziWKrXO0qhFo1jzAvX1dSIlGnGFmcx84cdzjFaLOdmlIBccqqRiA0HB0LusVJw3Wd2dA3+6N/Xtr9l}
    transfers: []
  signature: N6kvsED1oU677nbrALmxvSwKjYcZ5jO79FCc86r5CMVZ+gwDLOlHaXKIejdU3mPop5kio5vves0YqmWMST0TdPds6IZJMzazwO2JhjAi/8f+r5bOcFMr9Ff0QERU1VC3
serialized: Ff45+oId4mAC/jPmL1vmlkd2aP/H7gUOM03U4f/WP2WvD1jXAXFaoMA4lhdkwU6zZ6gCY3+UzU1oAtHeCzpwn3JMIJ3dvvj+rAAAADepL7BA9aFOu+526wC5sb0sCo2HGeYzu/RQnPOq+QjFWfoMAyzpR2lyiHo3VN5j6KeZIqOb73rNGKpljEk9E3T3bOiGSTM2s8DtiYYwIv/H/q+WznBTK/RX9EBEVNVQt5NSS2wP6lUoQ8rBBb597Spl5dRMKzTjc2JUZeFA+5rFLcgumC3Fouz5y7jZDOlvpKM9h5RL60rtEmmd+yva5gANOSUk6TLRWy4xO4PsVvXcUrCVGLDGCddA+KfqsyTr0EC/XpcizabW+NG6Cwubra7idosmlEyocn1wFMsNkdh1nKKjT/Q/IxjY09CThfIl+v7VFiVpvG/mueuLFH8/FXkZoOKoMaNYPm1qzQBxrkjeqiF8Go432+0MTH2LQwqh7u7u1necipXP4AAAAHgCAAAEBQAAOgYAABILAACCCwAALMAybwcMmpE24kI70F4Bo+6pYBmKtXwOthgxbL0mfbXOTbnDun9vUB02DeP8WQxl/GSlEiZDobpc1jb55yIGYrAmc3pth6RHTkwrzLs8qFgFzsZiIGbgZ+J4G4Jgj6reJSzaYVNof8j3iE6622Yn0jDFvq6PjGy0PXbsblF6RAAg7Gs24y1xS46vzmho4Kvxq3N1AW77Xo5ybblqp79IqHTpxTklpAdQ/1kjHkUbAJ/yqZenUgHEB16emjZoUAg8tQjwaFKbxK6cDE/hVb32UaAk83QtXJQYXdHtfhB7HdSzRNXs1bhZ9fX0I89XOIaBDmKdEG0l1s3UkUtVcQrvYvxrKGcSAj+MMrJllPhQDptS19jxN2J+tMc77JKYDMRx2mbgKqahgX2ushFZM+F5OsO3/fgCaAhHy37k0ved9Fim2HHF3zwLST8CPYZSsZ8Y9nHyY/ZpwsM6YSqWj2ZD7XQsmATqA8StT3rXyvK1Nx/w39GOVPwQGRLcJCVpui3aNvo97MgWJghRpGrBwQeXLha01ww2PRyxBAAAAAgAAABIAQAAMAEAADgBAAC5tiuBo3TGagZ/iPPx+4pymWLevUBw5RXFklwW8jCAbDmuOaevs7Iqukk7IJKVvLI2AvmahtZT6RIt3sCwVThEFLJvM31h20UfsUr6e48xM0ywPcu71kdIwEoKIpFllX80zjkomMVUerU1MsZpXCyHizNTBoAdMNVVlRZ6YPzVnlI5JRJJdlatgJXVLKYG8xAIewxnkBpmchLTQrStcBUk3w2snOTXMEZWzMGaP+x6iwtcn7WqpBRelCwLBR4pXOZ8EbeZD3GzK8mnpcLwK1LwV5FfNyRMAJxDIA5GwhxayMnBD0wwn6ABNr89UY1mpg6ycCE7NQ275fcGBz5GpPE14eiJE41yQxOBDEuMRsKl+L2/rDpcSFB7X4nD0FoEUSufMeaLsh2poWTB3xmlsMQ+3ae32p/ulS0wAQAAOAEAALh2HAcDvzf0vuV1QT+5/Zm94n61/BrNsFXn0Ch7BoS3w9KO6bFeJ+VyQaEQhZ7C1Co3iCqfKZmuOE2291Z+Dcx/rhCdN48Mc96Hr6fyM4M8m8hgzPi+ZzFWjhTnwFptvGKwb7qrHIrRjrXyq4rUjei/mRlg2xZE6pc1iVuf60PN3kjeIhrgqNY57lIzgwOuHN+GdAL0EoXUDXKOKzv3eFSXFdRDW4eGR7YxbWLOq4ke4lXuxrv4fs3C/OT9KbWiDhAdn78dsKA82AfhuPWUafJc15NZI0FTQ0AJwSyYW+wa2q8q/Cn2eKx9Yz3OfOSM7L15SiqCJfai5L+nh+mguX+xLXjJysw3Op+HxX9GSg4KUI7W2HsRIpq1R5Y7oMfFs9gltaKYGBaZXBxuAhzU1GpwPHiHEK3H4QQAAAAwAQAAR71e89XX55/oj1vO3tgwFb1HWmKEJ8dgKDS6OOZjyBmjrORYhZxtvocFsNfdF2ljC5HnA5gL7hVgJcgKOyow5V9HbUOF2gbs2T8uZ6CsVg9hoox5RmchcEW4a7MJKy5K8xk49El2OqVrnQth08uiyl10JJwY0EsJuOgcZGyvQ8hc/uZmo308CN9bwrz9oF/yMMckyz7DDxwGTYeZgMzGNqGAFtBG9KllqxxeVfbP+zYtaD/hoGtKIFtFSm5AtRMrY6oxil1zvLoxAQAAKXhNRfDxSk0IK8Kjl17k8HsGkEuikqGl2za8dYu4uhTeHoQ76MQIH6JVX7qnD0sNKgBl79fx3zn9ADOVU1tZs/zHVzr3B8jl7DsClD3NKRlkdyp0sAFs7DsCGOUOSNwYAwIUO+MOuSLFa4vRUWzwUJgZLNnL7i64DrDk7mPyCoGRzVE4sw20IrWL0ddv6rVlv67jawov0r/Dsy441exOkkDgJuRv6k458N5q/QONDCFukBOqs9tsttKx76BDmdKxsYskWFWkyj+zdVbBNgVBKa67wu6q2j8NE+Q5yybiqjh7D7nwpVojqpKHN7fRtkDxKWz3H4KSwDk3uyEPDBzTXBfSFeF4j1BcXafXf9mM+M6pvB8Id3avQSM9SF0LBGJKTnmR4SfU+re46DX8tKvHErXeEYbUWCCM4rI0wUpIQtWkqSYcHq+1MmAhmZABRKCNlnxz82e9kL4HV0FABrmQPNFnsefl1/Z9xuRxyO5FZ3KWcSIT3nGaWvhskwyPGYJ+mlJp377ZZp13ZYOu94tsSNL6hhrQhqiTsYrrZHNs3OMY6/jVmixhVIp+Lkrya7yQyQx4w8tF50SQLgGidqTXut/u469Ri9g+hfT1ux91I2pt+hXUFP4Nb4Zdvm5RlB6d8Qp+NjDgxb3H89RALmn22aEThR1H8e7iyz5nF9XZ5I1JQvAXNm14rAeYReKWTVeqSWpiBqmQLYrFJamN+SE1graefPExmozgH8e2mGClaaohGGaVK3Yjva2uhMQ7Lul2u8b1Mkli4KTcBs7sL0DXiBU2YfP5G8uOkVHgslDPF4YOiPLv8+LtEl7caDi2y188ULTkmYVDz27Xb0W3QpafG1TL70YhpOK5hMAcQGX1wFW4Tcc31rSlDBA4QkC7TpBtc9qK58L7SaqzkyytMoSgv1D4hMbJeP31xzTVfQIUZBJ/oy6/eiIA8OKlN2s9uOVwqpNdFGmQFvEwLUteTV8vbkZR0sSdFgWkQEBGROXlmP9ZeAJZAt/jCEqYpwdYAAqbXvXWRr1Qd86GGfFqluhfowhe1ozUJsbwYsq0X0tb8IK4r/hjxoiGA6eTv2mDnw8viRlSlfKLwrzwP5kZFi5ufTcKnyx4sR1lxbc9BUqe8KoW596yPjD7vWw0St4BEBDNWbO7UMneq1tmePthtFgz7cTK1iXIPsoSv01vnoXcInBfPJxS+qdzPPbpVChXX2zEoH6VfxpaAQP47aaWSqcIR+LN8pBSZWSsAJ7RH/UaHOoPVXpZOTEGuRG5RF0JqqnRm4H4IVEvjhZNVAsOu3U4i+KS6/gO2e6y9uu+tVeBzav9ZHaXtqTXyTgQh+95rUgbewWRitw7RvUpdcu28pmev9U7XUydqLUWjUCz66JY5M5Z7Iu4rcTORh4bjIdgDiPWZqp7VjH0i5wFKGU4TfEYwCCocGS6gEbzeJ2awFOTbRTsQEvkIhy17vEfvjDB1DJ/wUGt5jj52nf5mPiV45/vZtj68gRKFx5uHtfXO2vktd9yqNTHxgBTjgeYwyBJRqBo+LzU0eHqHnxiVeWlFgeXmxu/kIsC3M4P7IdfBEtjWsJlDiHcfO1SFtDualfDQjIl6sS0Bd97W83qdcJO2Y+ywC92JT/SztfwId2cwkcwrrffywI1aDjjFJpJySTEsEh274H4gYpZgiu8XaakDrRyu/U5j88UX0VokqopLpzY0Zigz4DsEo12sgG/pb7iGgoyxNTxLsPJk+55nL8SHGmyW0wyiHeDN2F/SVTj0x7w1G345hhsCceweoRqhCkT8UH8pvqndlgJeUNUBl8Uvmle0A0ahX8J4PghVD/FEi3JUdKDb/r6XSPLDQbwrwGOqxKs4liq1ztKoRaNY8wL19XUiJRpxhZnMfOHHc4xWiznZpSAXHKqkYgNBwdC7rFScN1ndnQN/ujf17a/ZQ==
root: y9uDHuyMFEP/XTRErqPd0oWJxbcFtIun7yNZ0ggctmo=
signing_root: gMgwT19nvV06RITnHQW7fxCmPWv+rLrTrEcvceqfLjA=